
Microsoft Visual Studio Solution File, Format Version 12.00
# Visual Studio 2012
Project("{FAE04EC0-301F-11D3-BF4B-00C04F79EFBC}") = "BadgeViewExample", "Example\BadgeViewExample\BadgeViewExample.csproj", "{29B17DB3-1B94-4887-8700-BA7ABDC58E50}"
EndProject
Project("{FAE04EC0-301F-11D3-BF4B-00C04F79EFBC}") = "BadgeViewExample.iOS", "Example\iOS\BadgeViewExample.iOS.csproj", "{FACF18C9-5FBF-49AD-AEBE-20D1E161B542}"
EndProject
Project("{FAE04EC0-301F-11D3-BF4B-00C04F79EFBC}") = "BadgeViewExample.Droid", "Example\Droid\BadgeViewExample.Droid.csproj", "{C553BEF4-330D-490C-9CCF-8233509A2BD6}"
EndProject
Project("{2150E333-8FDC-42A3-9474-1A3956D46DE8}") = "Example", "Example", "{D441BD1A-C335-4E32-881D-900113EFB70D}"
EndProject
Project("{2150E333-8FDC-42A3-9474-1A3956D46DE8}") = "src", "src", "{DCBE8DA3-FFF2-4F20-B16B-C4AB7036CC9A}"
EndProject
Project("{FAE04EC0-301F-11D3-BF4B-00C04F79EFBC}") = "BadgeView.Shared", "src\BadgeView.Shared\BadgeView.Shared.csproj", "{3D5011FE-3496-4594-AAA6-08F3CDCE33D6}"
EndProject
Project("{FAE04EC0-301F-11D3-BF4B-00C04F79EFBC}") = "BadgeView.iOS", "src\BadgeView.iOS\BadgeView.iOS.csproj", "{E4B37C1B-BEC4-4032-9CE0-CBBC805786FB}"
EndProject
Project("{FAE04EC0-301F-11D3-BF4B-00C04F79EFBC}") = "BadgeView.Android", "src\BadgeView.Android\BadgeView.Android.csproj", "{3EBD328D-2BDA-4D56-9685-825DCB7828B6}"
EndProject
Global
	GlobalSection(SolutionConfigurationPlatforms) = preSolution
		Debug|Any CPU = Debug|Any CPU
		Release|Any CPU = Release|Any CPU
		Debug|iPhoneSimulator = Debug|iPhoneSimulator
		Release|iPhone = Release|iPhone
		Release|iPhoneSimulator = Release|iPhoneSimulator
		Debug|iPhone = Debug|iPhone
	EndGlobalSection
	GlobalSection(ProjectConfigurationPlatforms) = postSolution
		{29B17DB3-1B94-4887-8700-BA7ABDC58E50}.Debug|Any CPU.ActiveCfg = Debug|Any CPU
		{29B17DB3-1B94-4887-8700-BA7ABDC58E50}.Debug|Any CPU.Build.0 = Debug|Any CPU
		{29B17DB3-1B94-4887-8700-BA7ABDC58E50}.Release|Any CPU.ActiveCfg = Release|Any CPU
		{29B17DB3-1B94-4887-8700-BA7ABDC58E50}.Release|Any CPU.Build.0 = Release|Any CPU
		{29B17DB3-1B94-4887-8700-BA7ABDC58E50}.Debug|iPhoneSimulator.ActiveCfg = Debug|Any CPU
		{29B17DB3-1B94-4887-8700-BA7ABDC58E50}.Debug|iPhoneSimulator.Build.0 = Debug|Any CPU
		{29B17DB3-1B94-4887-8700-BA7ABDC58E50}.Release|iPhone.ActiveCfg = Release|Any CPU
		{29B17DB3-1B94-4887-8700-BA7ABDC58E50}.Release|iPhone.Build.0 = Release|Any CPU
		{29B17DB3-1B94-4887-8700-BA7ABDC58E50}.Release|iPhoneSimulator.ActiveCfg = Release|Any CPU
		{29B17DB3-1B94-4887-8700-BA7ABDC58E50}.Release|iPhoneSimulator.Build.0 = Release|Any CPU
		{29B17DB3-1B94-4887-8700-BA7ABDC58E50}.Debug|iPhone.ActiveCfg = Debug|Any CPU
		{29B17DB3-1B94-4887-8700-BA7ABDC58E50}.Debug|iPhone.Build.0 = Debug|Any CPU
		{FACF18C9-5FBF-49AD-AEBE-20D1E161B542}.Debug|Any CPU.ActiveCfg = Debug|iPhoneSimulator
		{FACF18C9-5FBF-49AD-AEBE-20D1E161B542}.Debug|Any CPU.Build.0 = Debug|iPhoneSimulator
		{FACF18C9-5FBF-49AD-AEBE-20D1E161B542}.Release|Any CPU.ActiveCfg = Release|iPhone
		{FACF18C9-5FBF-49AD-AEBE-20D1E161B542}.Release|Any CPU.Build.0 = Release|iPhone
		{FACF18C9-5FBF-49AD-AEBE-20D1E161B542}.Debug|iPhoneSimulator.ActiveCfg = Debug|iPhoneSimulator
		{FACF18C9-5FBF-49AD-AEBE-20D1E161B542}.Debug|iPhoneSimulator.Build.0 = Debug|iPhoneSimulator
		{FACF18C9-5FBF-49AD-AEBE-20D1E161B542}.Release|iPhone.ActiveCfg = Release|iPhone
		{FACF18C9-5FBF-49AD-AEBE-20D1E161B542}.Release|iPhone.Build.0 = Release|iPhone
		{FACF18C9-5FBF-49AD-AEBE-20D1E161B542}.Release|iPhoneSimulator.ActiveCfg = Release|iPhoneSimulator
		{FACF18C9-5FBF-49AD-AEBE-20D1E161B542}.Release|iPhoneSimulator.Build.0 = Release|iPhoneSimulator
		{FACF18C9-5FBF-49AD-AEBE-20D1E161B542}.Debug|iPhone.ActiveCfg = Debug|iPhone
		{FACF18C9-5FBF-49AD-AEBE-20D1E161B542}.Debug|iPhone.Build.0 = Debug|iPhone
		{C553BEF4-330D-490C-9CCF-8233509A2BD6}.Debug|Any CPU.ActiveCfg = Debug|Any CPU
		{C553BEF4-330D-490C-9CCF-8233509A2BD6}.Debug|Any CPU.Build.0 = Debug|Any CPU
		{C553BEF4-330D-490C-9CCF-8233509A2BD6}.Release|Any CPU.ActiveCfg = Release|Any CPU
		{C553BEF4-330D-490C-9CCF-8233509A2BD6}.Release|Any CPU.Build.0 = Release|Any CPU
		{C553BEF4-330D-490C-9CCF-8233509A2BD6}.Debug|iPhoneSimulator.ActiveCfg = Debug|Any CPU
		{C553BEF4-330D-490C-9CCF-8233509A2BD6}.Debug|iPhoneSimulator.Build.0 = Debug|Any CPU
		{C553BEF4-330D-490C-9CCF-8233509A2BD6}.Release|iPhone.ActiveCfg = Release|Any CPU
		{C553BEF4-330D-490C-9CCF-8233509A2BD6}.Release|iPhone.Build.0 = Release|Any CPU
		{C553BEF4-330D-490C-9CCF-8233509A2BD6}.Release|iPhoneSimulator.ActiveCfg = Release|Any CPU
		{C553BEF4-330D-490C-9CCF-8233509A2BD6}.Release|iPhoneSimulator.Build.0 = Release|Any CPU
		{C553BEF4-330D-490C-9CCF-8233509A2BD6}.Debug|iPhone.ActiveCfg = Debug|Any CPU
		{C553BEF4-330D-490C-9CCF-8233509A2BD6}.Debug|iPhone.Build.0 = Debug|Any CPU
		{3D5011FE-3496-4594-AAA6-08F3CDCE33D6}.Debug|Any CPU.ActiveCfg = Debug|Any CPU
		{3D5011FE-3496-4594-AAA6-08F3CDCE33D6}.Debug|Any CPU.Build.0 = Debug|Any CPU
		{3D5011FE-3496-4594-AAA6-08F3CDCE33D6}.Release|Any CPU.ActiveCfg = Release|Any CPU
		{3D5011FE-3496-4594-AAA6-08F3CDCE33D6}.Release|Any CPU.Build.0 = Release|Any CPU
		{3D5011FE-3496-4594-AAA6-08F3CDCE33D6}.Debug|iPhoneSimulator.ActiveCfg = Debug|Any CPU
		{3D5011FE-3496-4594-AAA6-08F3CDCE33D6}.Debug|iPhoneSimulator.Build.0 = Debug|Any CPU
		{3D5011FE-3496-4594-AAA6-08F3CDCE33D6}.Release|iPhone.ActiveCfg = Release|Any CPU
		{3D5011FE-3496-4594-AAA6-08F3CDCE33D6}.Release|iPhone.Build.0 = Release|Any CPU
		{3D5011FE-3496-4594-AAA6-08F3CDCE33D6}.Release|iPhoneSimulator.ActiveCfg = Release|Any CPU
		{3D5011FE-3496-4594-AAA6-08F3CDCE33D6}.Release|iPhoneSimulator.Build.0 = Release|Any CPU
		{3D5011FE-3496-4594-AAA6-08F3CDCE33D6}.Debug|iPhone.ActiveCfg = Debug|Any CPU
		{3D5011FE-3496-4594-AAA6-08F3CDCE33D6}.Debug|iPhone.Build.0 = Debug|Any CPU
		{E4B37C1B-BEC4-4032-9CE0-CBBC805786FB}.Debug|Any CPU.ActiveCfg = Debug|Any CPU
		{E4B37C1B-BEC4-4032-9CE0-CBBC805786FB}.Debug|Any CPU.Build.0 = Debug|Any CPU
		{E4B37C1B-BEC4-4032-9CE0-CBBC805786FB}.Release|Any CPU.ActiveCfg = Release|Any CPU
		{E4B37C1B-BEC4-4032-9CE0-CBBC805786FB}.Release|Any CPU.Build.0 = Release|Any CPU
		{E4B37C1B-BEC4-4032-9CE0-CBBC805786FB}.Debug|iPhoneSimulator.ActiveCfg = Debug|Any CPU
		{E4B37C1B-BEC4-4032-9CE0-CBBC805786FB}.Debug|iPhoneSimulator.Build.0 = Debug|Any CPU
		{E4B37C1B-BEC4-4032-9CE0-CBBC805786FB}.Release|iPhone.ActiveCfg = Release|Any CPU
		{E4B37C1B-BEC4-4032-9CE0-CBBC805786FB}.Release|iPhone.Build.0 = Release|Any CPU
		{E4B37C1B-BEC4-4032-9CE0-CBBC805786FB}.Release|iPhoneSimulator.ActiveCfg = Release|Any CPU
		{E4B37C1B-BEC4-4032-9CE0-CBBC805786FB}.Release|iPhoneSimulator.Build.0 = Release|Any CPU
		{E4B37C1B-BEC4-4032-9CE0-CBBC805786FB}.Debug|iPhone.ActiveCfg = Debug|Any CPU
		{E4B37C1B-BEC4-4032-9CE0-CBBC805786FB}.Debug|iPhone.Build.0 = Debug|Any CPU
		{3EBD328D-2BDA-4D56-9685-825DCB7828B6}.Debug|Any CPU.ActiveCfg = Debug|Any CPU
		{3EBD328D-2BDA-4D56-9685-825DCB7828B6}.Debug|Any CPU.Build.0 = Debug|Any CPU
		{3EBD328D-2BDA-4D56-9685-825DCB7828B6}.Release|Any CPU.ActiveCfg = Release|Any CPU
		{3EBD328D-2BDA-4D56-9685-825DCB7828B6}.Release|Any CPU.Build.0 = Release|Any CPU
		{3EBD328D-2BDA-4D56-9685-825DCB7828B6}.Debug|iPhoneSimulator.ActiveCfg = Debug|Any CPU
		{3EBD328D-2BDA-4D56-9685-825DCB7828B6}.Debug|iPhoneSimulator.Build.0 = Debug|Any CPU
		{3EBD328D-2BDA-4D56-9685-825DCB7828B6}.Release|iPhone.ActiveCfg = Release|Any CPU
		{3EBD328D-2BDA-4D56-9685-825DCB7828B6}.Release|iPhone.Build.0 = Release|Any CPU
		{3EBD328D-2BDA-4D56-9685-825DCB7828B6}.Release|iPhoneSimulator.ActiveCfg = Release|Any CPU
		{3EBD328D-2BDA-4D56-9685-825DCB7828B6}.Release|iPhoneSimulator.Build.0 = Release|Any CPU
		{3EBD328D-2BDA-4D56-9685-825DCB7828B6}.Debug|iPhone.ActiveCfg = Debug|Any CPU
		{3EBD328D-2BDA-4D56-9685-825DCB7828B6}.Debug|iPhone.Build.0 = Debug|Any CPU
	EndGlobalSection
	GlobalSection(NestedProjects) = preSolution
		{29B17DB3-1B94-4887-8700-BA7ABDC58E50} = {D441BD1A-C335-4E32-881D-900113EFB70D}
		{C553BEF4-330D-490C-9CCF-8233509A2BD6} = {D441BD1A-C335-4E32-881D-900113EFB70D}
		{FACF18C9-5FBF-49AD-AEBE-20D1E161B542} = {D441BD1A-C335-4E32-881D-900113EFB70D}
		{3D5011FE-3496-4594-AAA6-08F3CDCE33D6} = {DCBE8DA3-FFF2-4F20-B16B-C4AB7036CC9A}
		{E4B37C1B-BEC4-4032-9CE0-CBBC805786FB} = {DCBE8DA3-FFF2-4F20-B16B-C4AB7036CC9A}
		{3EBD328D-2BDA-4D56-9685-825DCB7828B6} = {DCBE8DA3-FFF2-4F20-B16B-C4AB7036CC9A}
	EndGlobalSection
EndGlobal
